
Microsoft Visual Studio Solution File, Format Version 12.00
# Visual Studio Version 17
VisualStudioVersion = 17.0.31919.166
MinimumVisualStudioVersion = 10.0.40219.1
Project("{FAE04EC0-301F-11D3-BF4B-00C04F79EFBC}") = "ExportPIC", "ExportPIC.csproj", "{450CAB71-5480-44A9-A6A0-B88A9D6147F3}"
EndProject
Global
	GlobalSection(SolutionConfigurationPlatforms) = preSolution
		Debug|Any CPU = Debug|Any CPU
		Release|Any CPU = Release|Any CPU
	EndGlobalSection
	GlobalSection(ProjectConfigurationPlatforms) = postSolution
		{450CAB71-5480-44A9-A6A0-B88A9D6147F3}.Debug|Any CPU.ActiveCfg = Debug|Any CPU
		{450CAB71-5480-44A9-A6A0-B88A9D6147F3}.Debug|Any CPU.Build.0 = Debug|Any CPU
		{450CAB71-5480-44A9-A6A0-B88A9D6147F3}.Release|Any CPU.ActiveCfg = Release|Any CPU
		{450CAB71-5480-44A9-A6A0-B88A9D6147F3}.Release|Any CPU.Build.0 = Release|Any CPU
	EndGlobalSection
	GlobalSection(SolutionProperties) = preSolution
		HideSolutionNode = FALSE
	EndGlobalSection
	GlobalSection(ExtensibilityGlobals) = postSolution
		SolutionGuid = {54A22F02-D7EF-40BD-AA9F-5E7C8AD96597}
	EndGlobalSection
EndGlobal
